
Microsoft Visual Studio Solution File, Format Version 12.00
# Visual Studio Version 17
VisualStudioVersion = 17.5.33502.453
MinimumVisualStudioVersion = 10.0.40219.1
Project("{8BC9CEB8-8B4A-11D0-8D11-00A0C91BC942}") = "memberinitlist", "memberinitlist\memberinitlist.vcxproj", "{4307738B-214A-4FA0-A43F-14F9D3749F18}"
EndProject
Project("{8BC9CEB8-8B4A-11D0-8D11-00A0C91BC942}") = "mainIA", "mainIA\mainIA.vcxproj", "{BC5DDD9F-E0A2-4A57-98D1-128BEDAB1377}"
EndProject
Project("{8BC9CEB8-8B4A-11D0-8D11-00A0C91BC942}") = "mainIM", "mainIM\mainIM.vcxproj", "{ECB026C8-35AF-455B-9C9D-41ABAA6DC773}"
EndProject
Global
	GlobalSection(SolutionConfigurationPlatforms) = preSolution
		Debug|x64 = Debug|x64
		Debug|x86 = Debug|x86
		Release|x64 = Release|x64
		Release|x86 = Release|x86
	EndGlobalSection
	GlobalSection(ProjectConfigurationPlatforms) = postSolution
		{4307738B-214A-4FA0-A43F-14F9D3749F18}.Debug|x64.ActiveCfg = Debug|x64
		{4307738B-214A-4FA0-A43F-14F9D3749F18}.Debug|x64.Build.0 = Debug|x64
		{4307738B-214A-4FA0-A43F-14F9D3749F18}.Debug|x86.ActiveCfg = Debug|Win32
		{4307738B-214A-4FA0-A43F-14F9D3749F18}.Debug|x86.Build.0 = Debug|Win32
		{4307738B-214A-4FA0-A43F-14F9D3749F18}.Release|x64.ActiveCfg = Release|x64
		{4307738B-214A-4FA0-A43F-14F9D3749F18}.Release|x64.Build.0 = Release|x64
		{4307738B-214A-4FA0-A43F-14F9D3749F18}.Release|x86.ActiveCfg = Release|Win32
		{4307738B-214A-4FA0-A43F-14F9D3749F18}.Release|x86.Build.0 = Release|Win32
		{BC5DDD9F-E0A2-4A57-98D1-128BEDAB1377}.Debug|x64.ActiveCfg = Debug|x64
		{BC5DDD9F-E0A2-4A57-98D1-128BEDAB1377}.Debug|x64.Build.0 = Debug|x64
		{BC5DDD9F-E0A2-4A57-98D1-128BEDAB1377}.Debug|x86.ActiveCfg = Debug|Win32
		{BC5DDD9F-E0A2-4A57-98D1-128BEDAB1377}.Debug|x86.Build.0 = Debug|Win32
		{BC5DDD9F-E0A2-4A57-98D1-128BEDAB1377}.Release|x64.ActiveCfg = Release|x64
		{BC5DDD9F-E0A2-4A57-98D1-128BEDAB1377}.Release|x64.Build.0 = Release|x64
		{BC5DDD9F-E0A2-4A57-98D1-128BEDAB1377}.Release|x86.ActiveCfg = Release|Win32
		{BC5DDD9F-E0A2-4A57-98D1-128BEDAB1377}.Release|x86.Build.0 = Release|Win32
		{ECB026C8-35AF-455B-9C9D-41ABAA6DC773}.Debug|x64.ActiveCfg = Debug|x64
		{ECB026C8-35AF-455B-9C9D-41ABAA6DC773}.Debug|x64.Build.0 = Debug|x64
		{ECB026C8-35AF-455B-9C9D-41ABAA6DC773}.Debug|x86.ActiveCfg = Debug|Win32
		{ECB026C8-35AF-455B-9C9D-41ABAA6DC773}.Debug|x86.Build.0 = Debug|Win32
		{ECB026C8-35AF-455B-9C9D-41ABAA6DC773}.Release|x64.ActiveCfg = Release|x64
		{ECB026C8-35AF-455B-9C9D-41ABAA6DC773}.Release|x64.Build.0 = Release|x64
		{ECB026C8-35AF-455B-9C9D-41ABAA6DC773}.Release|x86.ActiveCfg = Release|Win32
		{ECB026C8-35AF-455B-9C9D-41ABAA6DC773}.Release|x86.Build.0 = Release|Win32
	EndGlobalSection
	GlobalSection(SolutionProperties) = preSolution
		HideSolutionNode = FALSE
	EndGlobalSection
	GlobalSection(ExtensibilityGlobals) = postSolution
		SolutionGuid = {652063CD-B687-442C-AEFC-18028F29D590}
	EndGlobalSection
EndGlobal
